
Microsoft Visual Studio Solution File, Format Version 12.00
# Visual Studio 15
VisualStudioVersion = 15.0.26124.0
MinimumVisualStudioVersion = 15.0.26124.0
Project("{FAE04EC0-301F-11D3-BF4B-00C04F79EFBC}") = "Akka.Logger.DistributePubSub", "Akka.Logger.DistributePubSub\Akka.Logger.DistributePubSub.csproj", "{29E49030-D1F7-4B80-AFD2-D393E1BC1CED}"
EndProject
Project("{FAE04EC0-301F-11D3-BF4B-00C04F79EFBC}") = "SampleClusterApp", "SampleClusterApp\SampleClusterApp.csproj", "{02B47A7A-C314-4531-B8A2-8E4B7770586B}"
EndProject
Global
	GlobalSection(SolutionConfigurationPlatforms) = preSolution
		Debug|Any CPU = Debug|Any CPU
		Debug|x64 = Debug|x64
		Debug|x86 = Debug|x86
		Release|Any CPU = Release|Any CPU
		Release|x64 = Release|x64
		Release|x86 = Release|x86
	EndGlobalSection
	GlobalSection(SolutionProperties) = preSolution
		HideSolutionNode = FALSE
	EndGlobalSection
	GlobalSection(ProjectConfigurationPlatforms) = postSolution
		{29E49030-D1F7-4B80-AFD2-D393E1BC1CED}.Debug|Any CPU.ActiveCfg = Debug|Any CPU
		{29E49030-D1F7-4B80-AFD2-D393E1BC1CED}.Debug|Any CPU.Build.0 = Debug|Any CPU
		{29E49030-D1F7-4B80-AFD2-D393E1BC1CED}.Debug|x64.ActiveCfg = Debug|Any CPU
		{29E49030-D1F7-4B80-AFD2-D393E1BC1CED}.Debug|x64.Build.0 = Debug|Any CPU
		{29E49030-D1F7-4B80-AFD2-D393E1BC1CED}.Debug|x86.ActiveCfg = Debug|Any CPU
		{29E49030-D1F7-4B80-AFD2-D393E1BC1CED}.Debug|x86.Build.0 = Debug|Any CPU
		{29E49030-D1F7-4B80-AFD2-D393E1BC1CED}.Release|Any CPU.ActiveCfg = Release|Any CPU
		{29E49030-D1F7-4B80-AFD2-D393E1BC1CED}.Release|Any CPU.Build.0 = Release|Any CPU
		{29E49030-D1F7-4B80-AFD2-D393E1BC1CED}.Release|x64.ActiveCfg = Release|Any CPU
		{29E49030-D1F7-4B80-AFD2-D393E1BC1CED}.Release|x64.Build.0 = Release|Any CPU
		{29E49030-D1F7-4B80-AFD2-D393E1BC1CED}.Release|x86.ActiveCfg = Release|Any CPU
		{29E49030-D1F7-4B80-AFD2-D393E1BC1CED}.Release|x86.Build.0 = Release|Any CPU
		{02B47A7A-C314-4531-B8A2-8E4B7770586B}.Debug|Any CPU.ActiveCfg = Debug|Any CPU
		{02B47A7A-C314-4531-B8A2-8E4B7770586B}.Debug|Any CPU.Build.0 = Debug|Any CPU
		{02B47A7A-C314-4531-B8A2-8E4B7770586B}.Debug|x64.ActiveCfg = Debug|Any CPU
		{02B47A7A-C314-4531-B8A2-8E4B7770586B}.Debug|x64.Build.0 = Debug|Any CPU
		{02B47A7A-C314-4531-B8A2-8E4B7770586B}.Debug|x86.ActiveCfg = Debug|Any CPU
		{02B47A7A-C314-4531-B8A2-8E4B7770586B}.Debug|x86.Build.0 = Debug|Any CPU
		{02B47A7A-C314-4531-B8A2-8E4B7770586B}.Release|Any CPU.ActiveCfg = Release|Any CPU
		{02B47A7A-C314-4531-B8A2-8E4B7770586B}.Release|Any CPU.Build.0 = Release|Any CPU
		{02B47A7A-C314-4531-B8A2-8E4B7770586B}.Release|x64.ActiveCfg = Release|Any CPU
		{02B47A7A-C314-4531-B8A2-8E4B7770586B}.Release|x64.Build.0 = Release|Any CPU
		{02B47A7A-C314-4531-B8A2-8E4B7770586B}.Release|x86.ActiveCfg = Release|Any CPU
		{02B47A7A-C314-4531-B8A2-8E4B7770586B}.Release|x86.Build.0 = Release|Any CPU
	EndGlobalSection
EndGlobal
